{
  "nodes": {
    "euclidean-master": {
      "inputs": {
        "flakeNimbleLib": [
          "flakeNimbleLib"
        ],
        "nixpkgs": [
          "nixpkgs"
        ],
        "src-euclidean-master": "src-euclidean-master"
      },
      "locked": {
        "dir": "master",
        "lastModified": 1662254454,
        "narHash": "sha256-PMtrmwKx5U1zhEdhGpusoCLMufziN9s5Du783xrL/zo=",
        "owner": "nim-nix-pkgs",
        "repo": "euclidean",
        "rev": "f8c10b43fb9416209b2be7ac5340c7d05b847ca1",
        "type": "github"
      },
      "original": {
        "dir": "master",
        "owner": "nim-nix-pkgs",
        "ref": "master",
        "repo": "euclidean",
        "type": "github"
      }
    },
    "flakeNimbleLib": {
      "inputs": {
        "nixpkgs": [
          "nixpkgs"
        ]
      },
      "locked": {
        "lastModified": 1662018438,
        "narHash": "sha256-QtNtU6+LX3Wokxf0zlFwKTFOcn6TeDjKQZ+DA9OYtvM=",
        "owner": "riinr",
        "repo": "nim-flakes-lib",
        "rev": "b1fe8340736e3a85d25c709ac3dfd82a55c03cbf",
        "type": "github"
      },
      "original": {
        "owner": "riinr",
        "ref": "master",
        "repo": "nim-flakes-lib",
        "type": "github"
      }
    },
    "nixpkgs": {
      "locked": {
        "lastModified": 1667110639,
        "narHash": "sha256-4FbPESZ5LbqQxkJJJBAfk/zKgF9h/4kyUwjjpJwYlbc=",
        "owner": "NixOS",
        "repo": "nixpkgs",
        "rev": "f38a1f04d1bec1feb61fd101a0539ae2002a7087",
        "type": "github"
      },
      "original": {
        "id": "nixpkgs",
        "type": "indirect"
      }
    },
    "root": {
      "inputs": {
        "euclidean-master": "euclidean-master",
        "flakeNimbleLib": "flakeNimbleLib",
        "nixpkgs": "nixpkgs"
      }
    },
    "src-euclidean-master": {
      "flake": false,
      "locked": {
        "lastModified": 1572867029,
        "narHash": "sha256-ZCz1QDrILpze46h/JfqKw/7RfP5T6sngQmVAFnC9Vls=",
        "owner": "juancarlospaco",
        "repo": "nim-euclidean",
        "rev": "62d18ebf79434dc382a75effa5a7f936e9515893",
        "type": "github"
      },
      "original": {
        "owner": "juancarlospaco",
        "ref": "refs/heads/master",
        "repo": "nim-euclidean",
        "type": "github"
      }
    }
  },
  "root": "root",
  "version": 7
}
